
Microsoft Visual Studio Solution File, Format Version 12.00
# Visual Studio Version 17
VisualStudioVersion = 17.10.34928.147
MinimumVisualStudioVersion = 10.0.40219.1
Project("{FAE04EC0-301F-11D3-BF4B-00C04F79EFBC}") = "09_Parse_and_Convert", "09_Parse_and_Convert.csproj", "{92F86679-B60C-474C-AB1F-27A00271C69D}"
EndProject
Global
	GlobalSection(SolutionConfigurationPlatforms) = preSolution
		Debug|Any CPU = Debug|Any CPU
		Release|Any CPU = Release|Any CPU
	EndGlobalSection
	GlobalSection(ProjectConfigurationPlatforms) = postSolution
		{92F86679-B60C-474C-AB1F-27A00271C69D}.Debug|Any CPU.ActiveCfg = Debug|Any CPU
		{92F86679-B60C-474C-AB1F-27A00271C69D}.Debug|Any CPU.Build.0 = Debug|Any CPU
		{92F86679-B60C-474C-AB1F-27A00271C69D}.Release|Any CPU.ActiveCfg = Release|Any CPU
		{92F86679-B60C-474C-AB1F-27A00271C69D}.Release|Any CPU.Build.0 = Release|Any CPU
	EndGlobalSection
	GlobalSection(SolutionProperties) = preSolution
		HideSolutionNode = FALSE
	EndGlobalSection
	GlobalSection(ExtensibilityGlobals) = postSolution
		SolutionGuid = {77FAFCA0-4A37-4849-9D47-4A605EE1C711}
	EndGlobalSection
EndGlobal
