
Microsoft Visual Studio Solution File, Format Version 12.00
# Visual Studio Version 17
VisualStudioVersion = 17.10.34928.147
MinimumVisualStudioVersion = 10.0.40219.1
Project("{FAE04EC0-301F-11D3-BF4B-00C04F79EFBC}") = "01_Strings", "01_Strings.csproj", "{24B8A28F-6ABC-4EF3-87D9-0FBCF1EF095F}"
EndProject
Global
	GlobalSection(SolutionConfigurationPlatforms) = preSolution
		Debug|Any CPU = Debug|Any CPU
		Release|Any CPU = Release|Any CPU
	EndGlobalSection
	GlobalSection(ProjectConfigurationPlatforms) = postSolution
		{24B8A28F-6ABC-4EF3-87D9-0FBCF1EF095F}.Debug|Any CPU.ActiveCfg = Debug|Any CPU
		{24B8A28F-6ABC-4EF3-87D9-0FBCF1EF095F}.Debug|Any CPU.Build.0 = Debug|Any CPU
		{24B8A28F-6ABC-4EF3-87D9-0FBCF1EF095F}.Release|Any CPU.ActiveCfg = Release|Any CPU
		{24B8A28F-6ABC-4EF3-87D9-0FBCF1EF095F}.Release|Any CPU.Build.0 = Release|Any CPU
	EndGlobalSection
	GlobalSection(SolutionProperties) = preSolution
		HideSolutionNode = FALSE
	EndGlobalSection
	GlobalSection(ExtensibilityGlobals) = postSolution
		SolutionGuid = {68D2130E-36ED-4D11-9097-C5A5E8FC690E}
	EndGlobalSection
EndGlobal
