
Microsoft Visual Studio Solution File, Format Version 12.00
# Visual Studio Version 17
VisualStudioVersion = 17.10.34928.147
MinimumVisualStudioVersion = 10.0.40219.1
Project("{FAE04EC0-301F-11D3-BF4B-00C04F79EFBC}") = "07_Else_IF_and_Order_of_Importance", "07_Else_IF_and_Order_of_Importance.csproj", "{4A0F3728-B4F0-46B7-B663-460B268EC507}"
EndProject
Global
	GlobalSection(SolutionConfigurationPlatforms) = preSolution
		Debug|Any CPU = Debug|Any CPU
		Release|Any CPU = Release|Any CPU
	EndGlobalSection
	GlobalSection(ProjectConfigurationPlatforms) = postSolution
		{4A0F3728-B4F0-46B7-B663-460B268EC507}.Debug|Any CPU.ActiveCfg = Debug|Any CPU
		{4A0F3728-B4F0-46B7-B663-460B268EC507}.Debug|Any CPU.Build.0 = Debug|Any CPU
		{4A0F3728-B4F0-46B7-B663-460B268EC507}.Release|Any CPU.ActiveCfg = Release|Any CPU
		{4A0F3728-B4F0-46B7-B663-460B268EC507}.Release|Any CPU.Build.0 = Release|Any CPU
	EndGlobalSection
	GlobalSection(SolutionProperties) = preSolution
		HideSolutionNode = FALSE
	EndGlobalSection
	GlobalSection(ExtensibilityGlobals) = postSolution
		SolutionGuid = {D9DCD205-A2E4-43AF-8537-D308C9D0DD4E}
	EndGlobalSection
EndGlobal
