
Microsoft Visual Studio Solution File, Format Version 12.00
# Visual Studio Version 17
VisualStudioVersion = 17.10.34928.147
MinimumVisualStudioVersion = 10.0.40219.1
Project("{FAE04EC0-301F-11D3-BF4B-00C04F79EFBC}") = "11_Switch_Statements", "11_Switch_Statements.csproj", "{CF029399-39E3-4A54-B924-F0DAAFEEF5B6}"
EndProject
Global
	GlobalSection(SolutionConfigurationPlatforms) = preSolution
		Debug|Any CPU = Debug|Any CPU
		Release|Any CPU = Release|Any CPU
	EndGlobalSection
	GlobalSection(ProjectConfigurationPlatforms) = postSolution
		{CF029399-39E3-4A54-B924-F0DAAFEEF5B6}.Debug|Any CPU.ActiveCfg = Debug|Any CPU
		{CF029399-39E3-4A54-B924-F0DAAFEEF5B6}.Debug|Any CPU.Build.0 = Debug|Any CPU
		{CF029399-39E3-4A54-B924-F0DAAFEEF5B6}.Release|Any CPU.ActiveCfg = Release|Any CPU
		{CF029399-39E3-4A54-B924-F0DAAFEEF5B6}.Release|Any CPU.Build.0 = Release|Any CPU
	EndGlobalSection
	GlobalSection(SolutionProperties) = preSolution
		HideSolutionNode = FALSE
	EndGlobalSection
	GlobalSection(ExtensibilityGlobals) = postSolution
		SolutionGuid = {20DC588D-5571-4BD9-8AAF-FC48B28ACF3D}
	EndGlobalSection
EndGlobal
