
Microsoft Visual Studio Solution File, Format Version 12.00
# Visual Studio Version 17
VisualStudioVersion = 17.10.34928.147
MinimumVisualStudioVersion = 10.0.40219.1
Project("{FAE04EC0-301F-11D3-BF4B-00C04F79EFBC}") = "09_Nested_IF_Statements", "09_Nested_IF_Statements.csproj", "{CA0477A5-74FF-4A9A-B8E6-65DFB1855763}"
EndProject
Global
	GlobalSection(SolutionConfigurationPlatforms) = preSolution
		Debug|Any CPU = Debug|Any CPU
		Release|Any CPU = Release|Any CPU
	EndGlobalSection
	GlobalSection(ProjectConfigurationPlatforms) = postSolution
		{CA0477A5-74FF-4A9A-B8E6-65DFB1855763}.Debug|Any CPU.ActiveCfg = Debug|Any CPU
		{CA0477A5-74FF-4A9A-B8E6-65DFB1855763}.Debug|Any CPU.Build.0 = Debug|Any CPU
		{CA0477A5-74FF-4A9A-B8E6-65DFB1855763}.Release|Any CPU.ActiveCfg = Release|Any CPU
		{CA0477A5-74FF-4A9A-B8E6-65DFB1855763}.Release|Any CPU.Build.0 = Release|Any CPU
	EndGlobalSection
	GlobalSection(SolutionProperties) = preSolution
		HideSolutionNode = FALSE
	EndGlobalSection
	GlobalSection(ExtensibilityGlobals) = postSolution
		SolutionGuid = {83F3FDE0-94E4-4398-A0B4-2A3F2D910A61}
	EndGlobalSection
EndGlobal
