
Microsoft Visual Studio Solution File, Format Version 12.00
# Visual Studio Version 17
VisualStudioVersion = 17.10.34928.147
MinimumVisualStudioVersion = 10.0.40219.1
Project("{FAE04EC0-301F-11D3-BF4B-00C04F79EFBC}") = "11_Operators", "11_Operators.csproj", "{B9DD35B1-30E8-45F2-A982-24A4E650F3AD}"
EndProject
Global
	GlobalSection(SolutionConfigurationPlatforms) = preSolution
		Debug|Any CPU = Debug|Any CPU
		Release|Any CPU = Release|Any CPU
	EndGlobalSection
	GlobalSection(ProjectConfigurationPlatforms) = postSolution
		{B9DD35B1-30E8-45F2-A982-24A4E650F3AD}.Debug|Any CPU.ActiveCfg = Debug|Any CPU
		{B9DD35B1-30E8-45F2-A982-24A4E650F3AD}.Debug|Any CPU.Build.0 = Debug|Any CPU
		{B9DD35B1-30E8-45F2-A982-24A4E650F3AD}.Release|Any CPU.ActiveCfg = Release|Any CPU
		{B9DD35B1-30E8-45F2-A982-24A4E650F3AD}.Release|Any CPU.Build.0 = Release|Any CPU
	EndGlobalSection
	GlobalSection(SolutionProperties) = preSolution
		HideSolutionNode = FALSE
	EndGlobalSection
	GlobalSection(ExtensibilityGlobals) = postSolution
		SolutionGuid = {0498ECA3-B8ED-4841-8816-607C5DBF952C}
	EndGlobalSection
EndGlobal
