
Microsoft Visual Studio Solution File, Format Version 12.00
# Visual Studio Version 17
VisualStudioVersion = 17.10.34928.147
MinimumVisualStudioVersion = 10.0.40219.1
Project("{FAE04EC0-301F-11D3-BF4B-00C04F79EFBC}") = "08_Equality_Operator", "08_Equality_Operator.csproj", "{44378F16-BEF1-42D7-87FB-C5A00C5C950C}"
EndProject
Global
	GlobalSection(SolutionConfigurationPlatforms) = preSolution
		Debug|Any CPU = Debug|Any CPU
		Release|Any CPU = Release|Any CPU
	EndGlobalSection
	GlobalSection(ProjectConfigurationPlatforms) = postSolution
		{44378F16-BEF1-42D7-87FB-C5A00C5C950C}.Debug|Any CPU.ActiveCfg = Debug|Any CPU
		{44378F16-BEF1-42D7-87FB-C5A00C5C950C}.Debug|Any CPU.Build.0 = Debug|Any CPU
		{44378F16-BEF1-42D7-87FB-C5A00C5C950C}.Release|Any CPU.ActiveCfg = Release|Any CPU
		{44378F16-BEF1-42D7-87FB-C5A00C5C950C}.Release|Any CPU.Build.0 = Release|Any CPU
	EndGlobalSection
	GlobalSection(SolutionProperties) = preSolution
		HideSolutionNode = FALSE
	EndGlobalSection
	GlobalSection(ExtensibilityGlobals) = postSolution
		SolutionGuid = {40C34786-A029-4900-B920-EADD07DD9A84}
	EndGlobalSection
EndGlobal
