
Microsoft Visual Studio Solution File, Format Version 12.00
# Visual Studio Version 17
VisualStudioVersion = 17.10.34928.147
MinimumVisualStudioVersion = 10.0.40219.1
Project("{FAE04EC0-301F-11D3-BF4B-00C04F79EFBC}") = "10_Implicit_vs._Explicit_Typed_Variables", "10_Implicit_vs._Explicit_Typed_Variables.csproj", "{D8061365-0547-42B4-B92F-E736570E7279}"
EndProject
Global
	GlobalSection(SolutionConfigurationPlatforms) = preSolution
		Debug|Any CPU = Debug|Any CPU
		Release|Any CPU = Release|Any CPU
	EndGlobalSection
	GlobalSection(ProjectConfigurationPlatforms) = postSolution
		{D8061365-0547-42B4-B92F-E736570E7279}.Debug|Any CPU.ActiveCfg = Debug|Any CPU
		{D8061365-0547-42B4-B92F-E736570E7279}.Debug|Any CPU.Build.0 = Debug|Any CPU
		{D8061365-0547-42B4-B92F-E736570E7279}.Release|Any CPU.ActiveCfg = Release|Any CPU
		{D8061365-0547-42B4-B92F-E736570E7279}.Release|Any CPU.Build.0 = Release|Any CPU
	EndGlobalSection
	GlobalSection(SolutionProperties) = preSolution
		HideSolutionNode = FALSE
	EndGlobalSection
	GlobalSection(ExtensibilityGlobals) = postSolution
		SolutionGuid = {ADD307BE-B630-46E0-8C1E-2A8C74A9FA99}
	EndGlobalSection
EndGlobal
