
Microsoft Visual Studio Solution File, Format Version 12.00
# Visual Studio Version 17
VisualStudioVersion = 17.10.34928.147
MinimumVisualStudioVersion = 10.0.40219.1
Project("{FAE04EC0-301F-11D3-BF4B-00C04F79EFBC}") = "14_String_Formatting", "14_String_Formatting.csproj", "{04FF25CA-B3F2-4C2B-B233-CCF64A131261}"
EndProject
Global
	GlobalSection(SolutionConfigurationPlatforms) = preSolution
		Debug|Any CPU = Debug|Any CPU
		Release|Any CPU = Release|Any CPU
	EndGlobalSection
	GlobalSection(ProjectConfigurationPlatforms) = postSolution
		{04FF25CA-B3F2-4C2B-B233-CCF64A131261}.Debug|Any CPU.ActiveCfg = Debug|Any CPU
		{04FF25CA-B3F2-4C2B-B233-CCF64A131261}.Debug|Any CPU.Build.0 = Debug|Any CPU
		{04FF25CA-B3F2-4C2B-B233-CCF64A131261}.Release|Any CPU.ActiveCfg = Release|Any CPU
		{04FF25CA-B3F2-4C2B-B233-CCF64A131261}.Release|Any CPU.Build.0 = Release|Any CPU
	EndGlobalSection
	GlobalSection(SolutionProperties) = preSolution
		HideSolutionNode = FALSE
	EndGlobalSection
	GlobalSection(ExtensibilityGlobals) = postSolution
		SolutionGuid = {EAE17F1C-D725-442D-87C7-0B86216DD751}
	EndGlobalSection
EndGlobal
